
Microsoft Visual Studio Solution File, Format Version 11.00
# Visual Studio 2010
Project("{FAE04EC0-301F-11D3-BF4B-00C04F79EFBC}") = "MultipleThreadsSource", "MultipleThreadsSource\MultipleThreadsSource.csproj", "{55EF5080-650D-4778-BCD7-1CDC62BAD4E1}"
EndProject
Global
	GlobalSection(SolutionConfigurationPlatforms) = preSolution
		Debug|x86 = Debug|x86
		Release|x86 = Release|x86
	EndGlobalSection
	GlobalSection(ProjectConfigurationPlatforms) = postSolution
		{55EF5080-650D-4778-BCD7-1CDC62BAD4E1}.Debug|x86.ActiveCfg = Debug|x86
		{55EF5080-650D-4778-BCD7-1CDC62BAD4E1}.Debug|x86.Build.0 = Debug|x86
		{55EF5080-650D-4778-BCD7-1CDC62BAD4E1}.Release|x86.ActiveCfg = Release|x86
		{55EF5080-650D-4778-BCD7-1CDC62BAD4E1}.Release|x86.Build.0 = Release|x86
	EndGlobalSection
	GlobalSection(SolutionProperties) = preSolution
		HideSolutionNode = FALSE
	EndGlobalSection
EndGlobal
